# THIS IS AN AUTOGENERATED FILE. DO NOT EDIT THIS FILE DIRECTLY.
# yarn lockfile v1


"@antfu/utils@^0.7.6", "@antfu/utils@^0.7.7":
  version "0.7.7"
  resolved "https://mirrors.huaweicloud.com/repository/npm/@antfu/utils/-/utils-0.7.7.tgz"
  integrity sha512-gFPqTG7otEJ8uP6wrhDv6mqwGWYZKNvAcCq6u9hOj0c+IKCEsY4L1oC9trPq2SaWIzAfHvqfBDxF591JkMf+kg==

"@babel/parser@^7.15.8", "@babel/parser@^7.23.9":
  version "7.24.1"
  resolved "https://mirrors.huaweicloud.com/repository/npm/@babel/parser/-/parser-7.24.1.tgz"
  integrity sha512-Zo9c7N3xdOIQrNip7Lc9wvRPzlRtovHVE4lkz8WEDr7uYh/GMQhSiIgFxGIArRHYdJE5kxtZjAf8rT0xhdLCzg==

"@ctrl/tinycolor@^3.4.1":
  version "3.6.1"
  resolved "https://mirrors.huaweicloud.com/repository/npm/@ctrl/tinycolor/-/tinycolor-3.6.1.tgz"
  integrity sha512-SITSV6aIXsuVNV3f3O0f2n/cgyEDWoSqtZMYiAmcsYHydcKrOz3gUxB/iXd/Qf08+IZX4KpgNbvUdMBmWz+kcA==

"@element-plus/icons-vue@^2.3.1":
  version "2.3.1"
  resolved "https://mirrors.huaweicloud.com/repository/npm/@element-plus/icons-vue/-/icons-vue-2.3.1.tgz"
  integrity sha512-XxVUZv48RZAd87ucGS48jPf6pKu0yV5UCg9f4FFwtrYxXOwWuVJo6wOvSLKEoMQKjv8GsX/mhP6UsC1lRwbUWg==

"@esbuild/win32-x64@0.20.2":
  version "0.20.2"
  resolved "https://mirrors.huaweicloud.com/repository/npm/@esbuild/win32-x64/-/win32-x64-0.20.2.tgz"
  integrity sha512-N49X4lJX27+l9jbLKSqZ6bKNjzQvHaT8IIFUy+YIqmXQdjYCToGWwOItDrfby14c78aDd5NHQl29xingXfCdLQ==

"@floating-ui/core@^1.0.0":
  version "1.6.0"
  resolved "https://mirrors.huaweicloud.com/repository/npm/@floating-ui/core/-/core-1.6.0.tgz"
  integrity sha512-PcF++MykgmTj3CIyOQbKA/hDzOAiqI3mhuoN44WRCopIs1sgoDoU4oty4Jtqaj/y3oDU6fnVSm4QG0a3t5i0+g==
  dependencies:
    "@floating-ui/utils" "^0.2.1"

"@floating-ui/dom@^1.0.1":
  version "1.6.3"
  resolved "https://mirrors.huaweicloud.com/repository/npm/@floating-ui/dom/-/dom-1.6.3.tgz"
  integrity sha512-RnDthu3mzPlQ31Ss/BTwQ1zjzIhr3lk1gZB1OC56h/1vEtaXkESrOqL5fQVMfXpwGtRwX+YsZBdyHtJMQnkArw==
  dependencies:
    "@floating-ui/core" "^1.0.0"
    "@floating-ui/utils" "^0.2.0"

"@floating-ui/utils@^0.2.0", "@floating-ui/utils@^0.2.1":
  version "0.2.1"
  resolved "https://mirrors.huaweicloud.com/repository/npm/@floating-ui/utils/-/utils-0.2.1.tgz"
  integrity sha512-9TANp6GPoMtYzQdt54kfAyMmz1+osLlXdg2ENroU7zzrtflTLrrC/lgrIfaSe+Wu0b89GKccT7vxXA0MoAIO+Q==

"@jridgewell/sourcemap-codec@^1.4.15":
  version "1.4.15"
  resolved "https://mirrors.huaweicloud.com/repository/npm/@jridgewell/sourcemap-codec/-/sourcemap-codec-1.4.15.tgz"
  integrity sha512-eF2rxCRulEKXHTRiDrDy6erMYWqNw4LPdQ8UQA4huuxaQsVeRPFl2oM8oDGxMFhJUWZf9McpLtJasDDZb/Bpeg==

"@nodelib/fs.scandir@2.1.5":
  version "2.1.5"
  resolved "https://mirrors.huaweicloud.com/repository/npm/@nodelib/fs.scandir/-/fs.scandir-2.1.5.tgz"
  integrity sha512-vq24Bq3ym5HEQm2NKCr3yXDwjc7vTsEThRDnkp2DK9p1uqLR+DHurm/NOTo0KG7HYHU7eppKZj3MyqYuMBf62g==
  dependencies:
    "@nodelib/fs.stat" "2.0.5"
    run-parallel "^1.1.9"

"@nodelib/fs.stat@^2.0.2", "@nodelib/fs.stat@2.0.5":
  version "2.0.5"
  resolved "https://mirrors.huaweicloud.com/repository/npm/@nodelib/fs.stat/-/fs.stat-2.0.5.tgz"
  integrity sha512-RkhPPp2zrqDAQA/2jNhnztcPAlv64XdhIp7a7454A5ovI7Bukxgt7MX7udwAu3zg1DcpPU0rz3VV1SeaqvY4+A==

"@nodelib/fs.walk@^1.2.3":
  version "1.2.8"
  resolved "https://mirrors.huaweicloud.com/repository/npm/@nodelib/fs.walk/-/fs.walk-1.2.8.tgz"
  integrity sha512-oGB+UxlgWcgQkgwo8GcEGwemoTFt3FIO9ababBmaGwXIoBKZ+GTy0pP185beGg7Llih/NSHSV2XAs1lnznocSg==
  dependencies:
    "@nodelib/fs.scandir" "2.1.5"
    fastq "^1.6.0"

"@popperjs/core@npm:@sxzz/popperjs-es@^2.11.7":
  version "2.11.7"
  resolved "https://mirrors.huaweicloud.com/repository/npm/@sxzz/popperjs-es/-/popperjs-es-2.11.7.tgz"
  integrity sha512-Ccy0NlLkzr0Ex2FKvh2X+OyERHXJ88XJ1MXtsI9y9fGexlaXaVTPzBCRBwIxFkORuOb+uBqeu+RqnpgYTEZRUQ==

"@rollup/pluginutils@^5.0.4", "@rollup/pluginutils@^5.1.0":
  version "5.1.0"
  resolved "https://mirrors.huaweicloud.com/repository/npm/@rollup/pluginutils/-/pluginutils-5.1.0.tgz"
  integrity sha512-XTIWOPPcpvyKI6L1NHo0lFlCyznUEyPmPY1mc3KpPVDYulHSTvyeLNVW00QTLIAFNhR3kYnJTQHeGqU4M3n09g==
  dependencies:
    "@types/estree" "^1.0.0"
    estree-walker "^2.0.2"
    picomatch "^2.3.1"

"@rollup/rollup-win32-x64-msvc@4.13.0":
  version "4.13.0"
  resolved "https://mirrors.huaweicloud.com/repository/npm/@rollup/rollup-win32-x64-msvc/-/rollup-win32-x64-msvc-4.13.0.tgz"
  integrity sha512-UKXUQNbO3DOhzLRwHSpa0HnhhCgNODvfoPWv2FCXme8N/ANFfhIPMGuOT+QuKd16+B5yxZ0HdpNlqPvTMS1qfw==

"@types/estree@^1.0.0", "@types/estree@1.0.5":
  version "1.0.5"
  resolved "https://mirrors.huaweicloud.com/repository/npm/@types/estree/-/estree-1.0.5.tgz"
  integrity sha512-/kYRxGDLWzHOB7q+wtSUQlFrtcdUccpfy+X+9iMBpHK8QLLhx2wIPYuS5DYtR9Wa/YlZAbIovy7qVdB1Aq6Lyw==

"@types/lodash-es@*", "@types/lodash-es@^4.17.6":
  version "4.17.12"
  resolved "https://mirrors.huaweicloud.com/repository/npm/@types/lodash-es/-/lodash-es-4.17.12.tgz"
  integrity sha512-0NgftHUcV4v34VhXm8QBSftKVXtbkBG3ViCjs6+eJ5a6y6Mi/jiFGPc1sC7QK+9BFhWrURE3EOggmWaSxL9OzQ==
  dependencies:
    "@types/lodash" "*"

"@types/lodash@*", "@types/lodash@^4.14.182":
  version "4.17.0"
  resolved "https://mirrors.huaweicloud.com/repository/npm/@types/lodash/-/lodash-4.17.0.tgz"
  integrity sha512-t7dhREVv6dbNj0q17X12j7yDG4bD/DHYX7o5/DbDxobP0HnGPgpRz2Ej77aL7TZT3DSw13fqUTj8J4mMnqa7WA==

"@types/mockjs@^1.0.10":
  version "1.0.10"
  resolved "https://mirrors.huaweicloud.com/repository/npm/@types/mockjs/-/mockjs-1.0.10.tgz"
  integrity sha512-SXgrhajHG7boLv6oU93CcmdDm0HYRiceuz6b+7z+/2lCJPTWDv0V5YiwFHT2ejE4bQqgSXQiVPQYPWv7LGsK1g==

"@types/node@^18.0.0 || >=20.0.0", "@types/node@^20.11.30":
  version "20.11.30"
  resolved "https://mirrors.huaweicloud.com/repository/npm/@types/node/-/node-20.11.30.tgz"
  integrity sha512-dHM6ZxwlmuZaRmUPfv1p+KrdD1Dci04FbdEm/9wEMouFqxYoFl5aMkt0VMAUtYRQDyYvD41WJLukhq/ha3YuTw==
  dependencies:
    undici-types "~5.26.4"

"@types/web-bluetooth@^0.0.16":
  version "0.0.16"
  resolved "https://mirrors.huaweicloud.com/repository/npm/@types/web-bluetooth/-/web-bluetooth-0.0.16.tgz"
  integrity sha512-oh8q2Zc32S6gd/j50GowEjKLoOVOwHP/bWVjKJInBwQqdOYMdPrf1oVlelTlyfFK3CKxL1uahMDAr+vy8T7yMQ==

"@vitejs/plugin-vue@^4.5.2":
  version "4.6.2"
  resolved "https://mirrors.huaweicloud.com/repository/npm/@vitejs/plugin-vue/-/plugin-vue-4.6.2.tgz"
  integrity sha512-kqf7SGFoG+80aZG6Pf+gsZIVvGSCKE98JbiWqcCV9cThtg91Jav0yvYFC9Zb+jKetNGF6ZKeoaxgZfND21fWKw==

"@volar/language-core@~1.11.1", "@volar/language-core@1.11.1":
  version "1.11.1"
  resolved "https://mirrors.huaweicloud.com/repository/npm/@volar/language-core/-/language-core-1.11.1.tgz"
  integrity sha512-dOcNn3i9GgZAcJt43wuaEykSluAuOkQgzni1cuxLxTV0nJKanQztp7FxyswdRILaKH+P2XZMPRp2S4MV/pElCw==
  dependencies:
    "@volar/source-map" "1.11.1"

"@volar/source-map@~1.11.1", "@volar/source-map@1.11.1":
  version "1.11.1"
  resolved "https://mirrors.huaweicloud.com/repository/npm/@volar/source-map/-/source-map-1.11.1.tgz"
  integrity sha512-hJnOnwZ4+WT5iupLRnuzbULZ42L7BWWPMmruzwtLhJfpDVoZLjNBxHDi2sY2bgZXCKlpU5XcsMFoYrsQmPhfZg==
  dependencies:
    muggle-string "^0.3.1"

"@volar/typescript@~1.11.1":
  version "1.11.1"
  resolved "https://mirrors.huaweicloud.com/repository/npm/@volar/typescript/-/typescript-1.11.1.tgz"
  integrity sha512-iU+t2mas/4lYierSnoFOeRFQUhAEMgsFuQxoxvwn5EdQopw43j+J27a4lt9LMInx1gLJBC6qL14WYGlgymaSMQ==
  dependencies:
    "@volar/language-core" "1.11.1"
    path-browserify "^1.0.1"

"@vue/compiler-core@3.4.21":
  version "3.4.21"
  resolved "https://mirrors.huaweicloud.com/repository/npm/@vue/compiler-core/-/compiler-core-3.4.21.tgz"
  integrity sha512-MjXawxZf2SbZszLPYxaFCjxfibYrzr3eYbKxwpLR9EQN+oaziSu3qKVbwBERj1IFIB8OLUewxB5m/BFzi613og==
  dependencies:
    "@babel/parser" "^7.23.9"
    "@vue/shared" "3.4.21"
    entities "^4.5.0"
    estree-walker "^2.0.2"
    source-map-js "^1.0.2"

"@vue/compiler-dom@^3.3.0", "@vue/compiler-dom@3.4.21":
  version "3.4.21"
  resolved "https://mirrors.huaweicloud.com/repository/npm/@vue/compiler-dom/-/compiler-dom-3.4.21.tgz"
  integrity sha512-IZC6FKowtT1sl0CR5DpXSiEB5ayw75oT2bma1BEhV7RRR1+cfwLrxc2Z8Zq/RGFzJ8w5r9QtCOvTjQgdn0IKmA==
  dependencies:
    "@vue/compiler-core" "3.4.21"
    "@vue/shared" "3.4.21"

"@vue/compiler-sfc@3.4.21":
  version "3.4.21"
  resolved "https://mirrors.huaweicloud.com/repository/npm/@vue/compiler-sfc/-/compiler-sfc-3.4.21.tgz"
  integrity sha512-me7epoTxYlY+2CUM7hy9PCDdpMPfIwrOvAXud2Upk10g4YLv9UBW7kL798TvMeDhPthkZ0CONNrK2GoeI1ODiQ==
  dependencies:
    "@babel/parser" "^7.23.9"
    "@vue/compiler-core" "3.4.21"
    "@vue/compiler-dom" "3.4.21"
    "@vue/compiler-ssr" "3.4.21"
    "@vue/shared" "3.4.21"
    estree-walker "^2.0.2"
    magic-string "^0.30.7"
    postcss "^8.4.35"
    source-map-js "^1.0.2"

"@vue/compiler-ssr@3.4.21":
  version "3.4.21"
  resolved "https://mirrors.huaweicloud.com/repository/npm/@vue/compiler-ssr/-/compiler-ssr-3.4.21.tgz"
  integrity sha512-M5+9nI2lPpAsgXOGQobnIueVqc9sisBFexh5yMIMRAPYLa7+5wEJs8iqOZc1WAa9WQbx9GR2twgznU8LTIiZ4Q==
  dependencies:
    "@vue/compiler-dom" "3.4.21"
    "@vue/shared" "3.4.21"

"@vue/devtools-api@^6.0.0-beta.11", "@vue/devtools-api@^6.5.1":
  version "6.6.1"
  resolved "https://mirrors.huaweicloud.com/repository/npm/@vue/devtools-api/-/devtools-api-6.6.1.tgz"
  integrity sha512-LgPscpE3Vs0x96PzSSB4IGVSZXZBZHpfxs+ZA1d+VEPwHdOXowy/Y2CsvCAIFrf+ssVU1pD1jidj505EpUnfbA==

"@vue/language-core@1.8.27":
  version "1.8.27"
  resolved "https://mirrors.huaweicloud.com/repository/npm/@vue/language-core/-/language-core-1.8.27.tgz"
  integrity sha512-L8Kc27VdQserNaCUNiSFdDl9LWT24ly8Hpwf1ECy3aFb9m6bDhBGQYOujDm21N7EW3moKIOKEanQwe1q5BK+mA==
  dependencies:
    "@volar/language-core" "~1.11.1"
    "@volar/source-map" "~1.11.1"
    "@vue/compiler-dom" "^3.3.0"
    "@vue/shared" "^3.3.0"
    computeds "^0.0.1"
    minimatch "^9.0.3"
    muggle-string "^0.3.1"
    path-browserify "^1.0.1"
    vue-template-compiler "^2.7.14"

"@vue/reactivity@3.4.21":
  version "3.4.21"
  resolved "https://mirrors.huaweicloud.com/repository/npm/@vue/reactivity/-/reactivity-3.4.21.tgz"
  integrity sha512-UhenImdc0L0/4ahGCyEzc/pZNwVgcglGy9HVzJ1Bq2Mm9qXOpP8RyNTjookw/gOCUlXSEtuZ2fUg5nrHcoqJcw==
  dependencies:
    "@vue/shared" "3.4.21"

"@vue/runtime-core@3.4.21":
  version "3.4.21"
  resolved "https://mirrors.huaweicloud.com/repository/npm/@vue/runtime-core/-/runtime-core-3.4.21.tgz"
  integrity sha512-pQthsuYzE1XcGZznTKn73G0s14eCJcjaLvp3/DKeYWoFacD9glJoqlNBxt3W2c5S40t6CCcpPf+jG01N3ULyrA==
  dependencies:
    "@vue/reactivity" "3.4.21"
    "@vue/shared" "3.4.21"

"@vue/runtime-dom@3.4.21":
  version "3.4.21"
  resolved "https://mirrors.huaweicloud.com/repository/npm/@vue/runtime-dom/-/runtime-dom-3.4.21.tgz"
  integrity sha512-gvf+C9cFpevsQxbkRBS1NpU8CqxKw0ebqMvLwcGQrNpx6gqRDodqKqA+A2VZZpQ9RpK2f9yfg8VbW/EpdFUOJw==
  dependencies:
    "@vue/runtime-core" "3.4.21"
    "@vue/shared" "3.4.21"
    csstype "^3.1.3"

"@vue/server-renderer@3.4.21":
  version "3.4.21"
  resolved "https://mirrors.huaweicloud.com/repository/npm/@vue/server-renderer/-/server-renderer-3.4.21.tgz"
  integrity sha512-aV1gXyKSN6Rz+6kZ6kr5+Ll14YzmIbeuWe7ryJl5muJ4uwSwY/aStXTixx76TwkZFJLm1aAlA/HSWEJ4EyiMkg==
  dependencies:
    "@vue/compiler-ssr" "3.4.21"
    "@vue/shared" "3.4.21"

"@vue/shared@^3.3.0", "@vue/shared@3.4.21":
  version "3.4.21"
  resolved "https://mirrors.huaweicloud.com/repository/npm/@vue/shared/-/shared-3.4.21.tgz"
  integrity sha512-PuJe7vDIi6VYSinuEbUIQgMIRZGgM8e4R+G+/dQTk0X1NEdvgvvgv7m+rfmDH1gZzyA1OjjoWskvHlfRNfQf3g==

"@vueuse/core@*", "@vueuse/core@^9.1.0":
  version "9.13.0"
  resolved "https://mirrors.huaweicloud.com/repository/npm/@vueuse/core/-/core-9.13.0.tgz"
  integrity sha512-pujnclbeHWxxPRqXWmdkKV5OX4Wk4YeK7wusHqRwU0Q7EFusHoqNA/aPhB6KCh9hEqJkLAJo7bb0Lh9b+OIVzw==
  dependencies:
    "@types/web-bluetooth" "^0.0.16"
    "@vueuse/metadata" "9.13.0"
    "@vueuse/shared" "9.13.0"
    vue-demi "*"

"@vueuse/metadata@9.13.0":
  version "9.13.0"
  resolved "https://mirrors.huaweicloud.com/repository/npm/@vueuse/metadata/-/metadata-9.13.0.tgz"
  integrity sha512-gdU7TKNAUVlXXLbaF+ZCfte8BjRJQWPCa2J55+7/h+yDtzw3vOoGQDRXzI6pyKyo6bXFT5/QoPE4hAknExjRLQ==

"@vueuse/shared@9.13.0":
  version "9.13.0"
  resolved "https://mirrors.huaweicloud.com/repository/npm/@vueuse/shared/-/shared-9.13.0.tgz"
  integrity sha512-UrnhU+Cnufu4S6JLCPZnkWh0WwZGUp72ktOF2DFptMlOs3TOdVv8xJN53zhHGARmVOsz5KqOls09+J1NR6sBKw==
  dependencies:
    vue-demi "*"

acorn@^8.10.0, acorn@^8.11.2, acorn@^8.11.3:
  version "8.11.3"
  resolved "https://mirrors.huaweicloud.com/repository/npm/acorn/-/acorn-8.11.3.tgz"
  integrity sha512-Y9rRfJG5jcKOE0CLisYbojUjIrIEE7AGMzA/Sm4BslANhbS+cDMpgBdcPT91oJ7OuJ9hYJBx59RjbhxVnrF8Xg==

anymatch@~3.1.2:
  version "3.1.3"
  resolved "https://mirrors.huaweicloud.com/repository/npm/anymatch/-/anymatch-3.1.3.tgz"
  integrity sha512-KMReFUr0B4t+D+OBkjR3KYqvocp2XaSzO55UcB6mgQMd3KbcE+mWTyvVV7D/zsdEbNnV6acZUutkiHQXvTr1Rw==
  dependencies:
    normalize-path "^3.0.0"
    picomatch "^2.0.4"

async-validator@^4.2.5:
  version "4.2.5"
  resolved "https://mirrors.huaweicloud.com/repository/npm/async-validator/-/async-validator-4.2.5.tgz"
  integrity sha512-7HhHjtERjqlNbZtqNqy2rckN/SpOOlmDliet+lP7k+eKZEjPk3DgyeU9lIXLdeLz0uBbbVp+9Qdow9wJWgwwfg==

balanced-match@^1.0.0:
  version "1.0.2"
  resolved "https://mirrors.huaweicloud.com/repository/npm/balanced-match/-/balanced-match-1.0.2.tgz"
  integrity sha512-3oSeUO0TMV67hN1AmbXsK4yaqU7tjiHlbxRDZOpH0KW9+CeX4bRAaX0Anxt0tx2MrpRpWwQaPwIlISEJhYU5Pw==

binary-extensions@^2.0.0:
  version "2.3.0"
  resolved "https://mirrors.huaweicloud.com/repository/npm/binary-extensions/-/binary-extensions-2.3.0.tgz"
  integrity sha512-Ceh+7ox5qe7LJuLHoY0feh3pHuUDHAcRUeyL2VYghZwfpkNIy/+8Ocg0a3UuSoYzavmylwuLWQOf3hl0jjMMIw==

brace-expansion@^2.0.1:
  version "2.0.1"
  resolved "https://mirrors.huaweicloud.com/repository/npm/brace-expansion/-/brace-expansion-2.0.1.tgz"
  integrity sha512-XnAIvQ8eM+kC6aULx6wuQiwVsnzsi9d3WxzV3FpWTGA19F621kwdbsAcFKXgKUHZWsy+mY6iL1sHTxWEFCytDA==
  dependencies:
    balanced-match "^1.0.0"

braces@^3.0.2, braces@~3.0.2:
  version "3.0.2"
  resolved "https://mirrors.huaweicloud.com/repository/npm/braces/-/braces-3.0.2.tgz"
  integrity sha512-b8um+L1RzM3WDSzvhm6gIz1yfTbBt6YTlcEKAvsmqCZZFw46z626lVj9j1yEPW33H5H+lBQpZMP1k8l+78Ha0A==
  dependencies:
    fill-range "^7.0.1"

chokidar@^3.5.3, chokidar@^3.6.0:
  version "3.6.0"
  resolved "https://mirrors.huaweicloud.com/repository/npm/chokidar/-/chokidar-3.6.0.tgz"
  integrity sha512-7VT13fmjotKpGipCW9JEQAusEPE+Ei8nl6/g4FBAmIm0GOOLMua9NDDo/DWp0ZAxCr3cPq5ZpBqmPAQgDda2Pw==
  dependencies:
    anymatch "~3.1.2"
    braces "~3.0.2"
    glob-parent "~5.1.2"
    is-binary-path "~2.1.0"
    is-glob "~4.0.1"
    normalize-path "~3.0.0"
    readdirp "~3.6.0"
  optionalDependencies:
    fsevents "~2.3.2"

commander@*:
  version "12.0.0"
  resolved "https://mirrors.huaweicloud.com/repository/npm/commander/-/commander-12.0.0.tgz"
  integrity sha512-MwVNWlYjDTtOjX5PiD7o5pK0UrFU/OYgcJfjjK4RaHZETNtjJqrZa9Y9ds88+A+f+d5lv+561eZ+yCKoS3gbAA==

computeds@^0.0.1:
  version "0.0.1"
  resolved "https://mirrors.huaweicloud.com/repository/npm/computeds/-/computeds-0.0.1.tgz"
  integrity sha512-7CEBgcMjVmitjYo5q8JTJVra6X5mQ20uTThdK+0kR7UEaDrAWEQcRiBtWJzga4eRpP6afNwwLsX2SET2JhVB1Q==

csstype@^3.1.3:
  version "3.1.3"
  resolved "https://mirrors.huaweicloud.com/repository/npm/csstype/-/csstype-3.1.3.tgz"
  integrity sha512-M1uQkMl8rQK/szD0LNhtqxIPLpimGm8sOBwU7lLnCpSbTyY3yeU1Vc7l4KT5zT4s/yOxHH5O7tIuuLOCnLADRw==

dayjs@^1.11.3:
  version "1.11.10"
  resolved "https://mirrors.huaweicloud.com/repository/npm/dayjs/-/dayjs-1.11.10.tgz"
  integrity sha512-vjAczensTgRcqDERK0SR2XMwsF/tSvnvlv6VcF2GIhg6Sx4yOIt/irsr1RDJsKiIyBzJDpCoXiWWq28MqH2cnQ==

de-indent@^1.0.2:
  version "1.0.2"
  resolved "https://mirrors.huaweicloud.com/repository/npm/de-indent/-/de-indent-1.0.2.tgz"
  integrity sha512-e/1zu3xH5MQryN2zdVaF0OrdNLUbvWxzMbi+iNA6Bky7l1RoP8a2fIbRocyHclXt/arDrrR6lL3TqFD9pMQTsg==

debug@^4.3.4:
  version "4.3.4"
  resolved "https://mirrors.huaweicloud.com/repository/npm/debug/-/debug-4.3.4.tgz"
  integrity sha512-PRWFHuSU3eDtQJPvnNY7Jcket1j0t5OuOsFzPPzsekD52Zl8qUfFIPEiswXqIvHWGVHOgX+7G/vCNNhehwxfkQ==
  dependencies:
    ms "2.1.2"

element-plus@^2.6.2:
  version "2.6.2"
  resolved "https://mirrors.huaweicloud.com/repository/npm/element-plus/-/element-plus-2.6.2.tgz"
  integrity sha512-WFMv1v83l437Xu+GeeM+ytxd9VUQpR4418BowvTVIPYItsoj6yK0ITIuSv19iCesF405FbAOaCIHXhJch0ilFA==
  dependencies:
    "@ctrl/tinycolor" "^3.4.1"
    "@element-plus/icons-vue" "^2.3.1"
    "@floating-ui/dom" "^1.0.1"
    "@popperjs/core" "npm:@sxzz/popperjs-es@^2.11.7"
    "@types/lodash" "^4.14.182"
    "@types/lodash-es" "^4.17.6"
    "@vueuse/core" "^9.1.0"
    async-validator "^4.2.5"
    dayjs "^1.11.3"
    escape-html "^1.0.3"
    lodash "^4.17.21"
    lodash-es "^4.17.21"
    lodash-unified "^1.0.2"
    memoize-one "^6.0.0"
    normalize-wheel-es "^1.2.0"

entities@^4.5.0:
  version "4.5.0"
  resolved "https://mirrors.huaweicloud.com/repository/npm/entities/-/entities-4.5.0.tgz"
  integrity sha512-V0hjH4dGPh9Ao5p0MoRY6BVqtwCjhz6vI5LT8AJ55H+4g9/4vbHx1I54fS0XuclLhDHArPQCiMjDxjaL8fPxhw==

esbuild@^0.20.1:
  version "0.20.2"
  resolved "https://mirrors.huaweicloud.com/repository/npm/esbuild/-/esbuild-0.20.2.tgz"
  integrity sha512-WdOOppmUNU+IbZ0PaDiTst80zjnrOkyJNHoKupIcVyU8Lvla3Ugx94VzkQ32Ijqd7UhHJy75gNWDMUekcrSJ6g==
  optionalDependencies:
    "@esbuild/aix-ppc64" "0.20.2"
    "@esbuild/android-arm" "0.20.2"
    "@esbuild/android-arm64" "0.20.2"
    "@esbuild/android-x64" "0.20.2"
    "@esbuild/darwin-arm64" "0.20.2"
    "@esbuild/darwin-x64" "0.20.2"
    "@esbuild/freebsd-arm64" "0.20.2"
    "@esbuild/freebsd-x64" "0.20.2"
    "@esbuild/linux-arm" "0.20.2"
    "@esbuild/linux-arm64" "0.20.2"
    "@esbuild/linux-ia32" "0.20.2"
    "@esbuild/linux-loong64" "0.20.2"
    "@esbuild/linux-mips64el" "0.20.2"
    "@esbuild/linux-ppc64" "0.20.2"
    "@esbuild/linux-riscv64" "0.20.2"
    "@esbuild/linux-s390x" "0.20.2"
    "@esbuild/linux-x64" "0.20.2"
    "@esbuild/netbsd-x64" "0.20.2"
    "@esbuild/openbsd-x64" "0.20.2"
    "@esbuild/sunos-x64" "0.20.2"
    "@esbuild/win32-arm64" "0.20.2"
    "@esbuild/win32-ia32" "0.20.2"
    "@esbuild/win32-x64" "0.20.2"

escape-html@^1.0.3:
  version "1.0.3"
  resolved "https://mirrors.huaweicloud.com/repository/npm/escape-html/-/escape-html-1.0.3.tgz"
  integrity sha512-NiSupZ4OeuGwr68lGIeym/ksIZMJodUGOSCZ/FSnTxcrekbvqrgdUxlJOMpijaKZVjAJrWrGs/6Jy8OMuyj9ow==

escape-string-regexp@^5.0.0:
  version "5.0.0"
  resolved "https://mirrors.huaweicloud.com/repository/npm/escape-string-regexp/-/escape-string-regexp-5.0.0.tgz"
  integrity sha512-/veY75JbMK4j1yjvuUxuVsiS/hr/4iHs9FTT6cgTexxdE0Ly/glccBAkloH/DofkjRbZU3bnoj38mOmhkZ0lHw==

estree-walker@^2.0.2:
  version "2.0.2"
  resolved "https://mirrors.huaweicloud.com/repository/npm/estree-walker/-/estree-walker-2.0.2.tgz"
  integrity sha512-Rfkk/Mp/DL7JVje3u18FxFujQlTNR2q6QfMSMB7AvCBx91NGj/ba3kCfza0f6dVDbw7YlRf/nDrn7pQrCCyQ/w==

estree-walker@^3.0.3:
  version "3.0.3"
  resolved "https://mirrors.huaweicloud.com/repository/npm/estree-walker/-/estree-walker-3.0.3.tgz"
  integrity sha512-7RUKfXgSMMkzt6ZuXmqapOurLGPPfgj6l9uRZ7lRGolvk0y2yocc35LdcxKC5PQZdn2DMqioAQ2NoWcrTKmm6g==
  dependencies:
    "@types/estree" "^1.0.0"

fast-glob@^3.3.1, fast-glob@^3.3.2:
  version "3.3.2"
  resolved "https://mirrors.huaweicloud.com/repository/npm/fast-glob/-/fast-glob-3.3.2.tgz"
  integrity sha512-oX2ruAFQwf/Orj8m737Y5adxDQO0LAB7/S5MnxCdTNDd4p6BsyIVsv9JQsATbTSq8KHRpLwIHbVlUNatxd+1Ow==
  dependencies:
    "@nodelib/fs.stat" "^2.0.2"
    "@nodelib/fs.walk" "^1.2.3"
    glob-parent "^5.1.2"
    merge2 "^1.3.0"
    micromatch "^4.0.4"

fastq@^1.6.0:
  version "1.17.1"
  resolved "https://mirrors.huaweicloud.com/repository/npm/fastq/-/fastq-1.17.1.tgz"
  integrity sha512-sRVD3lWVIXWg6By68ZN7vho9a1pQcN/WBFaAAsDDFzlJjvoGx0P8z7V1t72grFJfJhu3YPZBuu25f7Kaw2jN1w==
  dependencies:
    reusify "^1.0.4"

fill-range@^7.0.1:
  version "7.0.1"
  resolved "https://mirrors.huaweicloud.com/repository/npm/fill-range/-/fill-range-7.0.1.tgz"
  integrity sha512-qOo9F+dMUmC2Lcb4BbVvnKJxTPjCm+RRpe4gDuGrzkL7mEVl/djYSu2OdQ2Pa302N4oqkSg9ir6jaLWJ2USVpQ==
  dependencies:
    to-regex-range "^5.0.1"

function-bind@^1.1.2:
  version "1.1.2"
  resolved "https://mirrors.huaweicloud.com/repository/npm/function-bind/-/function-bind-1.1.2.tgz"
  integrity sha512-7XHNxH7qX9xG5mIwxkhumTox/MIRNcOgDrxWsMt2pAr23WHp6MrRlN7FBSFpCpr+oVO0F744iUgR82nJMfG2SA==

glob-parent@^5.1.2, glob-parent@~5.1.2:
  version "5.1.2"
  resolved "https://mirrors.huaweicloud.com/repository/npm/glob-parent/-/glob-parent-5.1.2.tgz"
  integrity sha512-AOIgSQCepiJYwP3ARnGx+5VnTu2HBYdzbGP45eLw1vr3zB3vZLeyed1sC9hnbcOc9/SrMyM5RPQrkGz4aS9Zow==
  dependencies:
    is-glob "^4.0.1"

hasown@^2.0.0:
  version "2.0.2"
  resolved "https://mirrors.huaweicloud.com/repository/npm/hasown/-/hasown-2.0.2.tgz"
  integrity sha512-0hJU9SCPvmMzIBdZFqNPXWa6dqh7WdH0cII9y+CyS8rG3nL48Bclra9HmKhVVUHyPWNH5Y7xDwAB7bfgSjkUMQ==
  dependencies:
    function-bind "^1.1.2"

he@^1.2.0:
  version "1.2.0"
  resolved "https://mirrors.huaweicloud.com/repository/npm/he/-/he-1.2.0.tgz"
  integrity sha512-F/1DnUGPopORZi0ni+CvrCgHQ5FyEAHRLSApuYWMmrbSwoN2Mn/7k+Gl38gJnR7yyDZk6WLXwiGod1JOWNDKGw==

is-binary-path@~2.1.0:
  version "2.1.0"
  resolved "https://mirrors.huaweicloud.com/repository/npm/is-binary-path/-/is-binary-path-2.1.0.tgz"
  integrity sha512-ZMERYes6pDydyuGidse7OsHxtbI7WVeUEozgR/g7rd0xUimYNlvZRE/K2MgZTjWy725IfelLeVcEM97mmtRGXw==
  dependencies:
    binary-extensions "^2.0.0"

is-core-module@^2.13.0:
  version "2.13.1"
  resolved "https://mirrors.huaweicloud.com/repository/npm/is-core-module/-/is-core-module-2.13.1.tgz"
  integrity sha512-hHrIjvZsftOsvKSn2TRYl63zvxsgE0K+0mYMoH6gD4omR5IWB2KynivBQczo3+wF1cCkjzvptnI9Q0sPU66ilw==
  dependencies:
    hasown "^2.0.0"

is-extglob@^2.1.1:
  version "2.1.1"
  resolved "https://mirrors.huaweicloud.com/repository/npm/is-extglob/-/is-extglob-2.1.1.tgz"
  integrity sha512-SbKbANkN603Vi4jEZv49LeVJMn4yGwsbzZworEoyEiutsN3nJYdbO36zfhGJ6QEDpOZIFkDtnq5JRxmvl3jsoQ==

is-glob@^4.0.1, is-glob@~4.0.1:
  version "4.0.3"
  resolved "https://mirrors.huaweicloud.com/repository/npm/is-glob/-/is-glob-4.0.3.tgz"
  integrity sha512-xelSayHH36ZgE7ZWhli7pW34hNbNl8Ojv5KVmkJD4hBdD3th8Tfk9vYasLM+mXWOZhFkgZfxhLSnrwRr4elSSg==
  dependencies:
    is-extglob "^2.1.1"

is-number@^7.0.0:
  version "7.0.0"
  resolved "https://mirrors.huaweicloud.com/repository/npm/is-number/-/is-number-7.0.0.tgz"
  integrity sha512-41Cifkg6e8TylSpdtTpeLVMqvSBEVzTttHvERD741+pnZ8ANv0004MRL43QKPDlK9cGvNp6NZWZUBlbGXYxxng==

jsonc-parser@^3.2.0:
  version "3.2.1"
  resolved "https://mirrors.huaweicloud.com/repository/npm/jsonc-parser/-/jsonc-parser-3.2.1.tgz"
  integrity sha512-AilxAyFOAcK5wA1+LeaySVBrHsGQvUFCDWXKpZjzaL0PqW+xfBOttn8GNtWKFWqneyMZj41MWF9Kl6iPWLwgOA==

local-pkg@^0.4.3:
  version "0.4.3"
  resolved "https://mirrors.huaweicloud.com/repository/npm/local-pkg/-/local-pkg-0.4.3.tgz"
  integrity sha512-SFppqq5p42fe2qcZQqqEOiVRXl+WCP1MdT6k7BDEW1j++sp5fIY+/fdRQitvKgB5BrBcmrs5m/L0v2FrU5MY1g==

local-pkg@^0.5.0:
  version "0.5.0"
  resolved "https://mirrors.huaweicloud.com/repository/npm/local-pkg/-/local-pkg-0.5.0.tgz"
  integrity sha512-ok6z3qlYyCDS4ZEU27HaU6x/xZa9Whf8jD4ptH5UZTQYZVYeb9bnZ3ojVhiJNLiXK1Hfc0GNbLXcmZ5plLDDBg==
  dependencies:
    mlly "^1.4.2"
    pkg-types "^1.0.3"

lodash-es@*, lodash-es@^4.17.21:
  version "4.17.21"
  resolved "https://mirrors.huaweicloud.com/repository/npm/lodash-es/-/lodash-es-4.17.21.tgz"
  integrity sha512-mKnC+QJ9pWVzv+C4/U3rRsHapFfHvQFoFB92e52xeyGMcX6/OlIl78je1u8vePzYZSkkogMPJ2yjxxsb89cxyw==

lodash-unified@^1.0.2:
  version "1.0.3"
  resolved "https://mirrors.huaweicloud.com/repository/npm/lodash-unified/-/lodash-unified-1.0.3.tgz"
  integrity sha512-WK9qSozxXOD7ZJQlpSqOT+om2ZfcT4yO+03FuzAHD0wF6S0l0090LRPDx3vhTTLZ8cFKpBn+IOcVXK6qOcIlfQ==

lodash@*, lodash@^4.17.21:
  version "4.17.21"
  resolved "https://mirrors.huaweicloud.com/repository/npm/lodash/-/lodash-4.17.21.tgz"
  integrity sha512-v2kDEe57lecTulaDIuNTPy3Ry4gLGJ6Z1O3vE1krgXZNrsQ+LFTGHVxVjcXPs17LhbZVGedAJv8XZ1tvj5FvSg==

lru-cache@^6.0.0:
  version "6.0.0"
  resolved "https://mirrors.huaweicloud.com/repository/npm/lru-cache/-/lru-cache-6.0.0.tgz"
  integrity sha512-Jo6dJ04CmSjuznwJSS3pUeWmd/H0ffTlkXXgwZi+eq1UCmqQwCh+eLsYOYCwY991i2Fah4h1BEMCx4qThGbsiA==
  dependencies:
    yallist "^4.0.0"

magic-string@^0.30.3, magic-string@^0.30.5, magic-string@^0.30.7:
  version "0.30.8"
  resolved "https://mirrors.huaweicloud.com/repository/npm/magic-string/-/magic-string-0.30.8.tgz"
  integrity sha512-ISQTe55T2ao7XtlAStud6qwYPZjE4GK1S/BeVPus4jrq6JuOnQ00YKQC581RWhR122W7msZV263KzVeLoqidyQ==
  dependencies:
    "@jridgewell/sourcemap-codec" "^1.4.15"

memoize-one@^6.0.0:
  version "6.0.0"
  resolved "https://mirrors.huaweicloud.com/repository/npm/memoize-one/-/memoize-one-6.0.0.tgz"
  integrity sha512-rkpe71W0N0c0Xz6QD0eJETuWAJGnJ9afsl1srmwPrI+yBCkge5EycXXbYRyvL29zZVUWQCY7InPRCv3GDXuZNw==

merge2@^1.3.0:
  version "1.4.1"
  resolved "https://mirrors.huaweicloud.com/repository/npm/merge2/-/merge2-1.4.1.tgz"
  integrity sha512-8q7VEgMJW4J8tcfVPy8g09NcQwZdbwFEqhe/WZkoIzjn/3TGDwtOCYtXGxA3O8tPzpczCCDgv+P2P5y00ZJOOg==

micromatch@^4.0.4:
  version "4.0.5"
  resolved "https://mirrors.huaweicloud.com/repository/npm/micromatch/-/micromatch-4.0.5.tgz"
  integrity sha512-DMy+ERcEW2q8Z2Po+WNXuw3c5YaUSFjAO5GsJqfEl7UjvtIuFKO6ZrKvcItdy98dwFI2N1tg3zNIdKaQT+aNdA==
  dependencies:
    braces "^3.0.2"
    picomatch "^2.3.1"

minimatch@^9.0.3:
  version "9.0.3"
  resolved "https://mirrors.huaweicloud.com/repository/npm/minimatch/-/minimatch-9.0.3.tgz"
  integrity sha512-RHiac9mvaRw0x3AYRgDC1CxAP7HTcNrrECeA8YYJeWnpo+2Q5CegtZjaotWTWxDG3UeGA1coE05iH1mPjT/2mg==
  dependencies:
    brace-expansion "^2.0.1"

mlly@^1.2.0, mlly@^1.4.2:
  version "1.6.1"
  resolved "https://mirrors.huaweicloud.com/repository/npm/mlly/-/mlly-1.6.1.tgz"
  integrity sha512-vLgaHvaeunuOXHSmEbZ9izxPx3USsk8KCQ8iC+aTlp5sKRSoZvwhHh5L9VbKSaVC6sJDqbyohIS76E2VmHIPAA==
  dependencies:
    acorn "^8.11.3"
    pathe "^1.1.2"
    pkg-types "^1.0.3"
    ufo "^1.3.2"

mockjs@^1.1.0:
  version "1.1.0"
  resolved "https://mirrors.huaweicloud.com/repository/npm/mockjs/-/mockjs-1.1.0.tgz"
  integrity sha512-eQsKcWzIaZzEZ07NuEyO4Nw65g0hdWAyurVol1IPl1gahRwY+svqzfgfey8U8dahLwG44d6/RwEzuK52rSa/JQ==
  dependencies:
    commander "*"

ms@2.1.2:
  version "2.1.2"
  resolved "https://mirrors.huaweicloud.com/repository/npm/ms/-/ms-2.1.2.tgz"
  integrity sha512-sGkPx+VjMtmA6MX27oA4FBFELFCZZ4S4XqeGOXCv68tT+jb3vk/RyaKWP0PTKyWtmLSM0b+adUTEvbs1PEaH2w==

muggle-string@^0.3.1:
  version "0.3.1"
  resolved "https://mirrors.huaweicloud.com/repository/npm/muggle-string/-/muggle-string-0.3.1.tgz"
  integrity sha512-ckmWDJjphvd/FvZawgygcUeQCxzvohjFO5RxTjj4eq8kw359gFF3E1brjfI+viLMxss5JrHTDRHZvu2/tuy0Qg==

nanoid@^3.3.7:
  version "3.3.7"
  resolved "https://mirrors.huaweicloud.com/repository/npm/nanoid/-/nanoid-3.3.7.tgz"
  integrity sha512-eSRppjcPIatRIMC1U6UngP8XFcz8MQWGQdt1MTBQ7NaAmvXDfvNxbvWV3x2y6CdEUciCSsDHDQZbhYaB8QEo2g==

normalize-path@^3.0.0, normalize-path@~3.0.0:
  version "3.0.0"
  resolved "https://mirrors.huaweicloud.com/repository/npm/normalize-path/-/normalize-path-3.0.0.tgz"
  integrity sha512-6eZs5Ls3WtCisHWp9S2GUy8dqkpGi4BVSz3GaqiE6ezub0512ESztXUwUB6C6IKbQkY2Pnb/mD4WYojCRwcwLA==

normalize-wheel-es@^1.2.0:
  version "1.2.0"
  resolved "https://mirrors.huaweicloud.com/repository/npm/normalize-wheel-es/-/normalize-wheel-es-1.2.0.tgz"
  integrity sha512-Wj7+EJQ8mSuXr2iWfnujrimU35R2W4FAErEyTmJoJ7ucwTn2hOUSsRehMb5RSYkxXGTM7Y9QpvPmp++w5ftoJw==

path-browserify@^1.0.1:
  version "1.0.1"
  resolved "https://mirrors.huaweicloud.com/repository/npm/path-browserify/-/path-browserify-1.0.1.tgz"
  integrity sha512-b7uo2UCUOYZcnF/3ID0lulOJi/bafxa1xPe7ZPsammBSpjSWQkjNxlt635YGS2MiR9GjvuXCtz2emr3jbsz98g==

path-parse@^1.0.7:
  version "1.0.7"
  resolved "https://mirrors.huaweicloud.com/repository/npm/path-parse/-/path-parse-1.0.7.tgz"
  integrity sha512-LDJzPVEEEPR+y48z93A0Ed0yXb8pAByGWo/k5YYdYgpY2/2EsOsksJrq7lOHxryrVOn1ejG6oAp8ahvOIQD8sw==

pathe@^1.1.0, pathe@^1.1.1, pathe@^1.1.2:
  version "1.1.2"
  resolved "https://mirrors.huaweicloud.com/repository/npm/pathe/-/pathe-1.1.2.tgz"
  integrity sha512-whLdWMYL2TwI08hn8/ZqAbrVemu0LNaNNJZX73O6qaIdCTfXutsLhMkjdENX0qhsQ9uIimo4/aQOmXkoon2nDQ==

picocolors@^1.0.0:
  version "1.0.0"
  resolved "https://mirrors.huaweicloud.com/repository/npm/picocolors/-/picocolors-1.0.0.tgz"
  integrity sha512-1fygroTLlHu66zi26VoTDv8yRgm0Fccecssto+MhsZ0D/DGW2sm8E8AjW7NU5VVTRt5GxbeZ5qBuJr+HyLYkjQ==

picomatch@^2.0.4, picomatch@^2.2.1, picomatch@^2.3.1:
  version "2.3.1"
  resolved "https://mirrors.huaweicloud.com/repository/npm/picomatch/-/picomatch-2.3.1.tgz"
  integrity sha512-JU3teHTNjmE2VCGFzuY8EXzCDVwEqB2a8fsIvwaStHhAWJEeVd1o1QD80CU6+ZdEXXSLbSsuLwJjkCBWqRQUVA==

pkg-types@^1.0.3:
  version "1.0.3"
  resolved "https://mirrors.huaweicloud.com/repository/npm/pkg-types/-/pkg-types-1.0.3.tgz"
  integrity sha512-nN7pYi0AQqJnoLPC9eHFQ8AcyaixBUOwvqc5TDnIKCMEE6I0y8P7OKA7fPexsXGCGxQDl/cmrLAp26LhcwxZ4A==
  dependencies:
    jsonc-parser "^3.2.0"
    mlly "^1.2.0"
    pathe "^1.1.0"

postcss@^8.4.35, postcss@^8.4.36:
  version "8.4.38"
  resolved "https://mirrors.huaweicloud.com/repository/npm/postcss/-/postcss-8.4.38.tgz"
  integrity sha512-Wglpdk03BSfXkHoQa3b/oulrotAkwrlLDRSOb9D0bN86FdRyE9lppSp33aHNPgBa0JKCoB+drFLZkQoRRYae5A==
  dependencies:
    nanoid "^3.3.7"
    picocolors "^1.0.0"
    source-map-js "^1.2.0"

queue-microtask@^1.2.2:
  version "1.2.3"
  resolved "https://mirrors.huaweicloud.com/repository/npm/queue-microtask/-/queue-microtask-1.2.3.tgz"
  integrity sha512-NuaNSa6flKT5JaSYQzJok04JzTL1CA6aGhv5rfLW3PgqA+M2ChpZQnAC8h8i4ZFkBS8X5RqkDBHA7r4hej3K9A==

readdirp@~3.6.0:
  version "3.6.0"
  resolved "https://mirrors.huaweicloud.com/repository/npm/readdirp/-/readdirp-3.6.0.tgz"
  integrity sha512-hOS089on8RduqdbhvQ5Z37A0ESjsqz6qnRcffsMU3495FuTdqSm+7bhJ29JvIOsBDEEnan5DPu9t3To9VRlMzA==
  dependencies:
    picomatch "^2.2.1"

resolve@^1.22.4:
  version "1.22.8"
  resolved "https://mirrors.huaweicloud.com/repository/npm/resolve/-/resolve-1.22.8.tgz"
  integrity sha512-oKWePCxqpd6FlLvGV1VU0x7bkPmmCNolxzjMf4NczoDnQcIWrAF+cPtZn5i6n+RfD2d9i0tzpKnG6Yk168yIyw==
  dependencies:
    is-core-module "^2.13.0"
    path-parse "^1.0.7"
    supports-preserve-symlinks-flag "^1.0.0"

reusify@^1.0.4:
  version "1.0.4"
  resolved "https://mirrors.huaweicloud.com/repository/npm/reusify/-/reusify-1.0.4.tgz"
  integrity sha512-U9nH88a3fc/ekCF1l0/UP1IosiuIjyTh7hBvXVMHYgVcfGvt897Xguj2UOLDeI5BG2m7/uwyaLVT6fbtCwTyzw==

rollup@^1.20.0||^2.0.0||^3.0.0||^4.0.0, rollup@^4.13.0:
  version "4.13.0"
  resolved "https://mirrors.huaweicloud.com/repository/npm/rollup/-/rollup-4.13.0.tgz"
  integrity sha512-3YegKemjoQnYKmsBlOHfMLVPPA5xLkQ8MHLLSw/fBrFaVkEayL51DilPpNNLq1exr98F2B1TzrV0FUlN3gWRPg==
  dependencies:
    "@types/estree" "1.0.5"
  optionalDependencies:
    "@rollup/rollup-android-arm-eabi" "4.13.0"
    "@rollup/rollup-android-arm64" "4.13.0"
    "@rollup/rollup-darwin-arm64" "4.13.0"
    "@rollup/rollup-darwin-x64" "4.13.0"
    "@rollup/rollup-linux-arm-gnueabihf" "4.13.0"
    "@rollup/rollup-linux-arm64-gnu" "4.13.0"
    "@rollup/rollup-linux-arm64-musl" "4.13.0"
    "@rollup/rollup-linux-riscv64-gnu" "4.13.0"
    "@rollup/rollup-linux-x64-gnu" "4.13.0"
    "@rollup/rollup-linux-x64-musl" "4.13.0"
    "@rollup/rollup-win32-arm64-msvc" "4.13.0"
    "@rollup/rollup-win32-ia32-msvc" "4.13.0"
    "@rollup/rollup-win32-x64-msvc" "4.13.0"
    fsevents "~2.3.2"

run-parallel@^1.1.9:
  version "1.2.0"
  resolved "https://mirrors.huaweicloud.com/repository/npm/run-parallel/-/run-parallel-1.2.0.tgz"
  integrity sha512-5l4VyZR86LZ/lDxZTR6jqL8AFE2S0IFLMP26AbjsLVADxHdhB/c0GUsH+y39UfCi3dzz8OlQuPmnaJOMoDHQBA==
  dependencies:
    queue-microtask "^1.2.2"

scule@^1.1.1:
  version "1.3.0"
  resolved "https://mirrors.huaweicloud.com/repository/npm/scule/-/scule-1.3.0.tgz"
  integrity sha512-6FtHJEvt+pVMIB9IBY+IcCJ6Z5f1iQnytgyfKMhDKgmzYG+TeH/wx1y3l27rshSbLiSanrR9ffZDrEsmjlQF2g==

semver@^7.5.4:
  version "7.6.0"
  resolved "https://mirrors.huaweicloud.com/repository/npm/semver/-/semver-7.6.0.tgz"
  integrity sha512-EnwXhrlwXMk9gKu5/flx5sv/an57AkRplG3hTK68W7FRDN+k+OWBj65M7719OkA82XLBxrcX0KSHj+X5COhOVg==
  dependencies:
    lru-cache "^6.0.0"

source-map-js@^1.0.2, source-map-js@^1.2.0:
  version "1.2.0"
  resolved "https://mirrors.huaweicloud.com/repository/npm/source-map-js/-/source-map-js-1.2.0.tgz"
  integrity sha512-itJW8lvSA0TXEphiRoawsCksnlf8SyvmFzIhltqAHluXd88pkCd+cXJVHTDwdCr0IzwptSm035IHQktUu1QUMg==

strip-literal@^1.3.0:
  version "1.3.0"
  resolved "https://mirrors.huaweicloud.com/repository/npm/strip-literal/-/strip-literal-1.3.0.tgz"
  integrity sha512-PugKzOsyXpArk0yWmUwqOZecSO0GH0bPoctLcqNDH9J04pVW3lflYE0ujElBGTloevcxF5MofAOZ7C5l2b+wLg==
  dependencies:
    acorn "^8.10.0"

supports-preserve-symlinks-flag@^1.0.0:
  version "1.0.0"
  resolved "https://mirrors.huaweicloud.com/repository/npm/supports-preserve-symlinks-flag/-/supports-preserve-symlinks-flag-1.0.0.tgz"
  integrity sha512-ot0WnXS9fgdkgIcePe6RHNk1WA8+muPa6cSjeR3V8K27q9BB1rTE3R1p7Hv0z1ZyAc8s6Vvv8DIyWf681MAt0w==

to-regex-range@^5.0.1:
  version "5.0.1"
  resolved "https://mirrors.huaweicloud.com/repository/npm/to-regex-range/-/to-regex-range-5.0.1.tgz"
  integrity sha512-65P7iz6X5yEr1cwcgvQxbbIw7Uk3gOy5dIdtZ4rDveLqhrdJP+Li/Hx6tyK0NEb+2GCyneCMJiGqrADCSNk8sQ==
  dependencies:
    is-number "^7.0.0"

typescript@*, typescript@^5.2.2:
  version "5.4.3"
  resolved "https://mirrors.huaweicloud.com/repository/npm/typescript/-/typescript-5.4.3.tgz"
  integrity sha512-KrPd3PKaCLr78MalgiwJnA25Nm8HAmdwN3mYUYZgG/wizIo9EainNVQI9/yDavtVFRN2h3k8uf3GLHuhDMgEHg==

ufo@^1.3.2:
  version "1.5.3"
  resolved "https://mirrors.huaweicloud.com/repository/npm/ufo/-/ufo-1.5.3.tgz"
  integrity sha512-Y7HYmWaFwPUmkoQCUIAYpKqkOf+SbVj/2fJJZ4RJMCfZp0rTGwRbzQD+HghfnhKOjL9E01okqz+ncJskGYfBNw==

undici-types@~5.26.4:
  version "5.26.5"
  resolved "https://mirrors.huaweicloud.com/repository/npm/undici-types/-/undici-types-5.26.5.tgz"
  integrity sha512-JlCMO+ehdEIKqlFxk6IfVoAUVmgz7cU7zD/h9XZ0qzeosSHmUJVOzSQvvYSYWXkFXC+IfLKSIffhv0sVZup6pA==

unimport@^3.7.1:
  version "3.7.1"
  resolved "https://mirrors.huaweicloud.com/repository/npm/unimport/-/unimport-3.7.1.tgz"
  integrity sha512-V9HpXYfsZye5bPPYUgs0Otn3ODS1mDUciaBlXljI4C2fTwfFpvFZRywmlOu943puN9sncxROMZhsZCjNXEpzEQ==
  dependencies:
    "@rollup/pluginutils" "^5.1.0"
    acorn "^8.11.2"
    escape-string-regexp "^5.0.0"
    estree-walker "^3.0.3"
    fast-glob "^3.3.2"
    local-pkg "^0.5.0"
    magic-string "^0.30.5"
    mlly "^1.4.2"
    pathe "^1.1.1"
    pkg-types "^1.0.3"
    scule "^1.1.1"
    strip-literal "^1.3.0"
    unplugin "^1.5.1"

unplugin-auto-import@^0.17.5:
  version "0.17.5"
  resolved "https://mirrors.huaweicloud.com/repository/npm/unplugin-auto-import/-/unplugin-auto-import-0.17.5.tgz"
  integrity sha512-fHNDkDSxv3PGagX1wmKBYBkgaM4AKAgZmdJw/bxjhNljx9KSXSgHpGfX0MwUrq9qw6q1bhHIZVWyOwoY2koo4w==
  dependencies:
    "@antfu/utils" "^0.7.7"
    "@rollup/pluginutils" "^5.1.0"
    fast-glob "^3.3.2"
    local-pkg "^0.5.0"
    magic-string "^0.30.5"
    minimatch "^9.0.3"
    unimport "^3.7.1"
    unplugin "^1.6.0"

unplugin-vue-components@^0.26.0:
  version "0.26.0"
  resolved "https://mirrors.huaweicloud.com/repository/npm/unplugin-vue-components/-/unplugin-vue-components-0.26.0.tgz"
  integrity sha512-s7IdPDlnOvPamjunVxw8kNgKNK8A5KM1YpK5j/p97jEKTjlPNrA0nZBiSfAKKlK1gWZuyWXlKL5dk3EDw874LQ==
  dependencies:
    "@antfu/utils" "^0.7.6"
    "@rollup/pluginutils" "^5.0.4"
    chokidar "^3.5.3"
    debug "^4.3.4"
    fast-glob "^3.3.1"
    local-pkg "^0.4.3"
    magic-string "^0.30.3"
    minimatch "^9.0.3"
    resolve "^1.22.4"
    unplugin "^1.4.0"

unplugin@^1.4.0, unplugin@^1.5.1, unplugin@^1.6.0:
  version "1.10.0"
  resolved "https://mirrors.huaweicloud.com/repository/npm/unplugin/-/unplugin-1.10.0.tgz"
  integrity sha512-CuZtvvO8ua2Wl+9q2jEaqH6m3DoQ38N7pvBYQbbaeNlWGvK2l6GHiKi29aIHDPoSxdUzQ7Unevf1/ugil5X6Pg==
  dependencies:
    acorn "^8.11.3"
    chokidar "^3.6.0"
    webpack-sources "^3.2.3"
    webpack-virtual-modules "^0.6.1"

"vite@^4.0.0 || ^5.0.0", vite@^5.0.8:
  version "5.2.3"
  resolved "https://mirrors.huaweicloud.com/repository/npm/vite/-/vite-5.2.3.tgz"
  integrity sha512-+i1oagbvkVIhEy9TnEV+fgXsng13nZM90JQbrcPrf6DvW2mXARlz+DK7DLiDP+qeKoD1FCVx/1SpFL1CLq9Mhw==
  dependencies:
    esbuild "^0.20.1"
    postcss "^8.4.36"
    rollup "^4.13.0"
  optionalDependencies:
    fsevents "~2.3.3"

vue-demi@*:
  version "0.14.7"
  resolved "https://mirrors.huaweicloud.com/repository/npm/vue-demi/-/vue-demi-0.14.7.tgz"
  integrity sha512-EOG8KXDQNwkJILkx/gPcoL/7vH+hORoBaKgGe+6W7VFMvCYJfmF2dGbvgDroVnI8LU7/kTu8mbjRZGBU1z9NTA==

vue-router@^4.3.0:
  version "4.3.0"
  resolved "https://mirrors.huaweicloud.com/repository/npm/vue-router/-/vue-router-4.3.0.tgz"
  integrity sha512-dqUcs8tUeG+ssgWhcPbjHvazML16Oga5w34uCUmsk7i0BcnskoLGwjpa15fqMr2Fa5JgVBrdL2MEgqz6XZ/6IQ==
  dependencies:
    "@vue/devtools-api" "^6.5.1"

vue-template-compiler@^2.7.14:
  version "2.7.16"
  resolved "https://mirrors.huaweicloud.com/repository/npm/vue-template-compiler/-/vue-template-compiler-2.7.16.tgz"
  integrity sha512-AYbUWAJHLGGQM7+cNTELw+KsOG9nl2CnSv467WobS5Cv9uk3wFcnr1Etsz2sEIHEZvw1U+o9mRlEO6QbZvUPGQ==
  dependencies:
    de-indent "^1.0.2"
    he "^1.2.0"

vue-tsc@^1.8.25:
  version "1.8.27"
  resolved "https://mirrors.huaweicloud.com/repository/npm/vue-tsc/-/vue-tsc-1.8.27.tgz"
  integrity sha512-WesKCAZCRAbmmhuGl3+VrdWItEvfoFIPXOvUJkjULi+x+6G/Dy69yO3TBRJDr9eUlmsNAwVmxsNZxvHKzbkKdg==
  dependencies:
    "@volar/typescript" "~1.11.1"
    "@vue/language-core" "1.8.27"
    semver "^7.5.4"

"vue@^3.0.0-0 || ^2.6.0", vue@^3.2.0, vue@^3.2.25, vue@^3.3.11, "vue@2 || 3", vue@3.4.21:
  version "3.4.21"
  resolved "https://mirrors.huaweicloud.com/repository/npm/vue/-/vue-3.4.21.tgz"
  integrity sha512-5hjyV/jLEIKD/jYl4cavMcnzKwjMKohureP8ejn3hhEjwhWIhWeuzL2kJAjzl/WyVsgPY56Sy4Z40C3lVshxXA==
  dependencies:
    "@vue/compiler-dom" "3.4.21"
    "@vue/compiler-sfc" "3.4.21"
    "@vue/runtime-dom" "3.4.21"
    "@vue/server-renderer" "3.4.21"
    "@vue/shared" "3.4.21"

vuex@^4.1.0:
  version "4.1.0"
  resolved "https://mirrors.huaweicloud.com/repository/npm/vuex/-/vuex-4.1.0.tgz"
  integrity sha512-hmV6UerDrPcgbSy9ORAtNXDr9M4wlNP4pEFKye4ujJF8oqgFFuxDCdOLS3eNoRTtq5O3hoBDh9Doj1bQMYHRbQ==
  dependencies:
    "@vue/devtools-api" "^6.0.0-beta.11"

webpack-sources@^3.2.3:
  version "3.2.3"
  resolved "https://mirrors.huaweicloud.com/repository/npm/webpack-sources/-/webpack-sources-3.2.3.tgz"
  integrity sha512-/DyMEOrDgLKKIG0fmvtz+4dUX/3Ghozwgm6iPp8KRhvn+eQf9+Q7GWxVNMk3+uCPWfdXYC4ExGBckIXdFEfH1w==

webpack-virtual-modules@^0.6.1:
  version "0.6.1"
  resolved "https://mirrors.huaweicloud.com/repository/npm/webpack-virtual-modules/-/webpack-virtual-modules-0.6.1.tgz"
  integrity sha512-poXpCylU7ExuvZK8z+On3kX+S8o/2dQ/SVYueKA0D4WEMXROXgY8Ez50/bQEUmvoSMMrWcrJqCHuhAbsiwg7Dg==

yallist@^4.0.0:
  version "4.0.0"
  resolved "https://mirrors.huaweicloud.com/repository/npm/yallist/-/yallist-4.0.0.tgz"
  integrity sha512-3wdGidZyq5PB084XLES5TpOSRA3wjXAlIWMhum2kRcv/41Sn2emQ0dycQW4uZXLejwKvg6EsvbdlVL+FYEct7A==
