{
  "name": "http缓存",
  "lockfileVersion": 3,
  "requires": true,
  "packages": {
    "": {
      "dependencies": {
        "checksum": "^1.0.0",
        "mime": "^4.0.1",
        "mime-types": "^2.1.35"
      }
    },
    "node_modules/checksum": {
      "version": "1.0.0",
      "resolved": "https://mirrors.huaweicloud.com/repository/npm/checksum/-/checksum-1.0.0.tgz",
      "integrity": "sha512-68bHejnM/sBQhjXcXd2mFusICnqAwikZ9RVMURIacWh7moNjgOdHKimS6yk30Np/PwfR00dceY4b1GwWanu5cg==",
      "license": "MIT",
      "dependencies": {
        "optimist": "~0.3.5"
      },
      "bin": {
        "checksum": "bin/checksum-cli.js"
      }
    },
    "node_modules/mime": {
      "version": "4.0.1",
      "resolved": "https://mirrors.huaweicloud.com/repository/npm/mime/-/mime-4.0.1.tgz",
      "integrity": "sha512-5lZ5tyrIfliMXzFtkYyekWbtRXObT9OWa8IwQ5uxTBDHucNNwniRqo0yInflj+iYi5CBa6qxadGzGarDfuEOxA==",
      "funding": [
        "https://github.com/sponsors/broofa"
      ],
      "license": "MIT",
      "bin": {
        "mime": "bin/cli.js"
      },
      "engines": {
        "node": ">=16"
      }
    },
    "node_modules/mime-db": {
      "version": "1.52.0",
      "resolved": "https://mirrors.huaweicloud.com/repository/npm/mime-db/-/mime-db-1.52.0.tgz",
      "integrity": "sha512-sPU4uV7dYlvtWJxwwxHD0PuihVNiE7TyAbQ5SWxDCB9mUYvOgroQOwYQQOKPJ8CIbE+1ETVlOoK1UC2nU3gYvg==",
      "license": "MIT",
      "engines": {
        "node": ">= 0.6"
      }
    },
    "node_modules/mime-types": {
      "version": "2.1.35",
      "resolved": "https://mirrors.huaweicloud.com/repository/npm/mime-types/-/mime-types-2.1.35.tgz",
      "integrity": "sha512-ZDY+bPm5zTTF+YpCrAU9nK0UgICYPT0QtT1NZWFv4s++TNkcgVaT0g6+4R2uI4MjQjzysHB1zxuWL50hzaeXiw==",
      "license": "MIT",
      "dependencies": {
        "mime-db": "1.52.0"
      },
      "engines": {
        "node": ">= 0.6"
      }
    },
    "node_modules/optimist": {
      "version": "0.3.7",
      "resolved": "https://mirrors.huaweicloud.com/repository/npm/optimist/-/optimist-0.3.7.tgz",
      "integrity": "sha512-TCx0dXQzVtSCg2OgY/bO9hjM9cV4XYx09TVK+s3+FhkjT6LovsLe+pPMzpWf+6yXK/hUizs2gUoTw3jHM0VaTQ==",
      "license": "MIT/X11",
      "dependencies": {
        "wordwrap": "~0.0.2"
      }
    },
    "node_modules/wordwrap": {
      "version": "0.0.3",
      "resolved": "https://mirrors.huaweicloud.com/repository/npm/wordwrap/-/wordwrap-0.0.3.tgz",
      "integrity": "sha512-1tMA907+V4QmxV7dbRvb4/8MaRALK6q9Abid3ndMYnbyo8piisCmeONVqVSXqQA3KaP4SLt5b7ud6E2sqP8TFw==",
      "license": "MIT",
      "engines": {
        "node": ">=0.4.0"
      }
    }
  }
}
